<?xml version="1.0" encoding="utf-8"?>
<Project ToolsVersion="4.0" xmlns="http://schemas.microsoft.com/developer/msbuild/2003">
  <ItemGroup>
    <ClCompile Include="Source\Game\Game.cpp">
      <Filter>Game</Filter>
    </ClCompile>
    <ClCompile Include="Source\Game\RingHolder.cpp">
      <Filter>Game</Filter>
    </ClCompile>
    <ClCompile Include="Source\Game\SoundManager.cpp">
      <Filter>Game</Filter>
    </ClCompile>
    <ClCompile Include="Source\UI\UISystem.cpp">
      <Filter>UI</Filter>
    </ClCompile>
    <ClCompile Include="Source\UI\Text.cpp">
      <Filter>UI</Filter>
    </ClCompile>
    <ClCompile Include="Source\UI\UIObject.cpp">
      <Filter>UI</Filter>
    </ClCompile>
    <ClCompile Include="Source\UI\Image.cpp">
      <Filter>UI</Filter>
    </ClCompile>
    <ClCompile Include="Source\UI\CanvasUI.cpp">
      <Filter>UI</Filter>
    </ClCompile>
    <ClCompile Include="Source\UI\ButtonNavigator.cpp">
      <Filter>UI</Filter>
    </ClCompile>
    <ClCompile Include="Source\Game\WaterTank.cpp">
      <Filter>Game</Filter>
    </ClCompile>
    <ClCompile Include="Source\Engine\Time.cpp">
      <Filter>Engine</Filter>
    </ClCompile>
    <ClCompile Include="Source\Game\AnimatedSprite.cpp">
      <Filter>Game</Filter>
    </ClCompile>
    <ClCompile Include="Source\Game\Particle.cpp">
      <Filter>Game</Filter>
    </ClCompile>
    <ClCompile Include="Source\UI\Button.cpp">
      <Filter>UI</Filter>
    </ClCompile>
    <ClCompile Include="Source\Engine\Implementation\DirectX11\DirectX11Billboard.cpp">
      <Filter>Others</Filter>
    </ClCompile>
    <ClCompile Include="Source\Engine\Implementation\DirectX11\DirectX11Graphics.cpp">
      <Filter>Others</Filter>
    </ClCompile>
    <ClCompile Include="Source\Engine\Implementation\DirectX11\DirectX11Shader.cpp">
      <Filter>Others</Filter>
    </ClCompile>
    <ClCompile Include="Source\Engine\Implementation\DirectX11\DirectX11Texture.cpp">
      <Filter>Others</Filter>
    </ClCompile>
    <ClCompile Include="Source\Engine\Implementation\XInput\DirectXInput.cpp">
      <Filter>Others</Filter>
    </ClCompile>
    <ClCompile Include="Source\Engine\IApplication.cpp">
      <Filter>Others</Filter>
    </ClCompile>
    <ClCompile Include="Source\Engine\IGraphics.cpp">
      <Filter>Others</Filter>
    </ClCompile>
    <ClCompile Include="Source\Engine\IInput.cpp">
      <Filter>Others</Filter>
    </ClCompile>
    <ClCompile Include="Source\Engine\IRenderable.cpp">
      <Filter>Others</Filter>
    </ClCompile>
    <ClCompile Include="Source\Engine\IShader.cpp">
      <Filter>Others</Filter>
    </ClCompile>
    <ClCompile Include="Source\Engine\ITexture.cpp">
      <Filter>Others</Filter>
    </ClCompile>
    <ClCompile Include="Source\EntryPoints\WindowsMain.cpp">
      <Filter>Others</Filter>
    </ClCompile>
    <ClCompile Include="Source\Game\Ring.cpp">
      <Filter>Game</Filter>
    </ClCompile>
    <ClCompile Include="Source\Engine\ParticleSystem.cpp">
      <Filter>Engine</Filter>
    </ClCompile>
    <ClCompile Include="Source\Engine\ObjectSerializer.cpp">
      <Filter>Engine</Filter>
    </ClCompile>
  </ItemGroup>
  <ItemGroup>
    <ClInclude Include="Source\Game\Game.h">
      <Filter>Game</Filter>
    </ClInclude>
    <ClInclude Include="Source\Game\RingHolder.h">
      <Filter>Game</Filter>
    </ClInclude>
    <ClInclude Include="Source\UI\CanvasUI.h">
      <Filter>UI</Filter>
    </ClInclude>
    <ClInclude Include="Source\UI\UIObject.h">
      <Filter>UI</Filter>
    </ClInclude>
    <ClInclude Include="Source\Game\SoundManager.h">
      <Filter>Game</Filter>
    </ClInclude>
    <ClInclude Include="Source\UI\UISystem.h">
      <Filter>UI</Filter>
    </ClInclude>
    <ClInclude Include="Source\UI\Text.h">
      <Filter>UI</Filter>
    </ClInclude>
    <ClInclude Include="Source\UI\Image.h">
      <Filter>UI</Filter>
    </ClInclude>
    <ClInclude Include="Source\UI\ButtonNavigator.h">
      <Filter>UI</Filter>
    </ClInclude>
    <ClInclude Include="Source\Game\WaterTank.h">
      <Filter>Game</Filter>
    </ClInclude>
    <ClInclude Include="Source\Engine\Time.h">
      <Filter>Engine</Filter>
    </ClInclude>
    <ClInclude Include="Source\Game\AnimatedSprite.h">
      <Filter>Game</Filter>
    </ClInclude>
    <ClInclude Include="Source\Engine\Pool.h">
      <Filter>Engine</Filter>
    </ClInclude>
    <ClInclude Include="Source\Game\Particle.h">
      <Filter>Game</Filter>
    </ClInclude>
    <ClInclude Include="Source\Engine\ParticleSystem.h">
      <Filter>Engine</Filter>
    </ClInclude>
    <ClInclude Include="Source\UI\Button.h">
      <Filter>UI</Filter>
    </ClInclude>
    <ClInclude Include="Source\Engine\Implementation\DirectX11\DirectX11Billboard.h">
      <Filter>Others</Filter>
    </ClInclude>
    <ClInclude Include="Source\Engine\Implementation\DirectX11\DirectX11Graphics.h">
      <Filter>Others</Filter>
    </ClInclude>
    <ClInclude Include="Source\Engine\Implementation\DirectX11\DirectX11Shader.h">
      <Filter>Others</Filter>
    </ClInclude>
    <ClInclude Include="Source\Engine\Implementation\DirectX11\DirectX11Texture.h">
      <Filter>Others</Filter>
    </ClInclude>
    <ClInclude Include="Source\Engine\Implementation\XInput\DirectXInput.h">
      <Filter>Others</Filter>
    </ClInclude>
    <ClInclude Include="Source\Engine\IApplication.h">
      <Filter>Others</Filter>
    </ClInclude>
    <ClInclude Include="Source\Engine\IGraphics.h">
      <Filter>Others</Filter>
    </ClInclude>
    <ClInclude Include="Source\Engine\IInput.h">
      <Filter>Others</Filter>
    </ClInclude>
    <ClInclude Include="Source\Engine\IRenderable.h">
      <Filter>Others</Filter>
    </ClInclude>
    <ClInclude Include="Source\Engine\IShader.h">
      <Filter>Others</Filter>
    </ClInclude>
    <ClInclude Include="Source\Engine\ITexture.h">
      <Filter>Others</Filter>
    </ClInclude>
    <ClInclude Include="Source\Engine\Transform2D.h">
      <Filter>Others</Filter>
    </ClInclude>
    <ClInclude Include="Source\Game\TypeHelpers.h">
      <Filter>Others</Filter>
    </ClInclude>
    <ClInclude Include="Source\Game\IGameObject.h">
      <Filter>Game</Filter>
    </ClInclude>
    <ClInclude Include="Source\Game\Ring.h">
      <Filter>Game</Filter>
    </ClInclude>
    <ClInclude Include="Source\Engine\ObjectSerializer.h">
      <Filter>Engine</Filter>
    </ClInclude>
    <ClInclude Include="Source\Game\PlayerData.h">
      <Filter>Game</Filter>
    </ClInclude>
  </ItemGroup>
  <ItemGroup>
    <Filter Include="Game">
      <UniqueIdentifier>{72edeedb-a3e5-4c98-87d8-3968050966ed}</UniqueIdentifier>
    </Filter>
    <Filter Include="UI">
      <UniqueIdentifier>{5fcb65dc-254e-49a5-b064-28e46dc85b79}</UniqueIdentifier>
    </Filter>
    <Filter Include="Engine">
      <UniqueIdentifier>{c94c0587-7070-4545-a4c3-90bf2068627e}</UniqueIdentifier>
    </Filter>
    <Filter Include="Others">
      <UniqueIdentifier>{fc999e37-5018-4e52-8b13-0cc3ac159600}</UniqueIdentifier>
    </Filter>
  </ItemGroup>
  <ItemGroup>
    <None Include="packages.config">
      <Filter>Others</Filter>
    </None>
  </ItemGroup>
</Project>